
Microsoft Visual Studio Solution File, Format Version 12.00
# Visual Studio Version 16
VisualStudioVersion = 16.0.30503.244
MinimumVisualStudioVersion = 10.0.40219.1
Project("{FAE04EC0-301F-11D3-BF4B-00C04F79EFBC}") = "WIFI", "WIFI\WIFI.csproj", "{7C1737D7-021A-4B0F-883F-62077FEFDB3B}"
EndProject
Global
	GlobalSection(SolutionConfigurationPlatforms) = preSolution
		Debug|Any CPU = Debug|Any CPU
		Release|Any CPU = Release|Any CPU
	EndGlobalSection
	GlobalSection(ProjectConfigurationPlatforms) = postSolution
		{7C1737D7-021A-4B0F-883F-62077FEFDB3B}.Debug|Any CPU.ActiveCfg = Debug|Any CPU
		{7C1737D7-021A-4B0F-883F-62077FEFDB3B}.Debug|Any CPU.Build.0 = Debug|Any CPU
		{7C1737D7-021A-4B0F-883F-62077FEFDB3B}.Release|Any CPU.ActiveCfg = Release|Any CPU
		{7C1737D7-021A-4B0F-883F-62077FEFDB3B}.Release|Any CPU.Build.0 = Release|Any CPU
	EndGlobalSection
	GlobalSection(SolutionProperties) = preSolution
		HideSolutionNode = FALSE
	EndGlobalSection
	GlobalSection(ExtensibilityGlobals) = postSolution
		SolutionGuid = {AF3C56B1-0554-4698-9242-C85E04B3B6FC}
	EndGlobalSection
EndGlobal
